
Microsoft Visual Studio Solution File, Format Version 12.00
# Visual Studio Version 17
VisualStudioVersion = 17.6.33723.286
MinimumVisualStudioVersion = 10.0.40219.1
Project("{FAE04EC0-301F-11D3-BF4B-00C04F79EFBC}") = "XploreIN", "XploreIN.csproj", "{E73F1C2C-A968-4951-BA90-B98269AC3E7E}"
EndProject
Global
	GlobalSection(SolutionConfigurationPlatforms) = preSolution
		Debug|Any CPU = Debug|Any CPU
		Release|Any CPU = Release|Any CPU
	EndGlobalSection
	GlobalSection(ProjectConfigurationPlatforms) = postSolution
		{E73F1C2C-A968-4951-BA90-B98269AC3E7E}.Debug|Any CPU.ActiveCfg = Debug|Any CPU
		{E73F1C2C-A968-4951-BA90-B98269AC3E7E}.Debug|Any CPU.Build.0 = Debug|Any CPU
		{E73F1C2C-A968-4951-BA90-B98269AC3E7E}.Release|Any CPU.ActiveCfg = Release|Any CPU
		{E73F1C2C-A968-4951-BA90-B98269AC3E7E}.Release|Any CPU.Build.0 = Release|Any CPU
	EndGlobalSection
	GlobalSection(SolutionProperties) = preSolution
		HideSolutionNode = FALSE
	EndGlobalSection
	GlobalSection(ExtensibilityGlobals) = postSolution
		SolutionGuid = {E073BE76-F46E-4B9A-B169-06007D9F4597}
	EndGlobalSection
EndGlobal
